
Microsoft Visual Studio Solution File, Format Version 12.00
# Visual Studio Version 16
VisualStudioVersion = 16.0.31624.102
MinimumVisualStudioVersion = 10.0.40219.1
Project("{FAE04EC0-301F-11D3-BF4B-00C04F79EFBC}") = "MiniWord_TrinhPhucHieu", "MiniWord_TrinhPhucHieu.csproj", "{346EC726-8B52-479A-8C09-A66A2E35B8E6}"
EndProject
Global
	GlobalSection(SolutionConfigurationPlatforms) = preSolution
		Debug|Any CPU = Debug|Any CPU
		Release|Any CPU = Release|Any CPU
	EndGlobalSection
	GlobalSection(ProjectConfigurationPlatforms) = postSolution
		{346EC726-8B52-479A-8C09-A66A2E35B8E6}.Debug|Any CPU.ActiveCfg = Debug|Any CPU
		{346EC726-8B52-479A-8C09-A66A2E35B8E6}.Debug|Any CPU.Build.0 = Debug|Any CPU
		{346EC726-8B52-479A-8C09-A66A2E35B8E6}.Release|Any CPU.ActiveCfg = Release|Any CPU
		{346EC726-8B52-479A-8C09-A66A2E35B8E6}.Release|Any CPU.Build.0 = Release|Any CPU
	EndGlobalSection
	GlobalSection(SolutionProperties) = preSolution
		HideSolutionNode = FALSE
	EndGlobalSection
	GlobalSection(ExtensibilityGlobals) = postSolution
		SolutionGuid = {2C152717-C53F-480E-B45E-9258D4C8A0D4}
	EndGlobalSection
EndGlobal
